
Microsoft Visual Studio Solution File, Format Version 12.00
# Visual Studio Version 16
VisualStudioVersion = 16.0.28803.452
MinimumVisualStudioVersion = 10.0.40219.1
Project("{FAE04EC0-301F-11D3-BF4B-00C04F79EFBC}") = "PDA_DePaddel.Android", "PDA_DePaddel\PDA_DePaddel.Android\PDA_DePaddel.Android.csproj", "{1DF4758F-2619-4F4B-AAAD-C82D4555E75C}"
EndProject
Project("{FAE04EC0-301F-11D3-BF4B-00C04F79EFBC}") = "PDA_DePaddel.iOS", "PDA_DePaddel\PDA_DePaddel.iOS\PDA_DePaddel.iOS.csproj", "{F59A7A2F-817C-4A0A-8E78-D500FF12C53D}"
EndProject
Project("{9A19103F-16F7-4668-BE54-9A1E7A4F7556}") = "PDA_DePaddel", "PDA_DePaddel\PDA_DePaddel\PDA_DePaddel.csproj", "{73367E02-EC83-4980-A12E-6ACCE61F466F}"
EndProject
Global
	GlobalSection(SolutionConfigurationPlatforms) = preSolution
		Debug|Any CPU = Debug|Any CPU
		Debug|iPhone = Debug|iPhone
		Debug|iPhoneSimulator = Debug|iPhoneSimulator
		Release|Any CPU = Release|Any CPU
		Release|iPhone = Release|iPhone
		Release|iPhoneSimulator = Release|iPhoneSimulator
	EndGlobalSection
	GlobalSection(ProjectConfigurationPlatforms) = postSolution
		{1DF4758F-2619-4F4B-AAAD-C82D4555E75C}.Debug|Any CPU.ActiveCfg = Debug|Any CPU
		{1DF4758F-2619-4F4B-AAAD-C82D4555E75C}.Debug|Any CPU.Build.0 = Debug|Any CPU
		{1DF4758F-2619-4F4B-AAAD-C82D4555E75C}.Debug|Any CPU.Deploy.0 = Debug|Any CPU
		{1DF4758F-2619-4F4B-AAAD-C82D4555E75C}.Debug|iPhone.ActiveCfg = Debug|Any CPU
		{1DF4758F-2619-4F4B-AAAD-C82D4555E75C}.Debug|iPhone.Build.0 = Debug|Any CPU
		{1DF4758F-2619-4F4B-AAAD-C82D4555E75C}.Debug|iPhone.Deploy.0 = Debug|Any CPU
		{1DF4758F-2619-4F4B-AAAD-C82D4555E75C}.Debug|iPhoneSimulator.ActiveCfg = Debug|Any CPU
		{1DF4758F-2619-4F4B-AAAD-C82D4555E75C}.Debug|iPhoneSimulator.Build.0 = Debug|Any CPU
		{1DF4758F-2619-4F4B-AAAD-C82D4555E75C}.Debug|iPhoneSimulator.Deploy.0 = Debug|Any CPU
		{1DF4758F-2619-4F4B-AAAD-C82D4555E75C}.Release|Any CPU.ActiveCfg = Release|Any CPU
		{1DF4758F-2619-4F4B-AAAD-C82D4555E75C}.Release|Any CPU.Build.0 = Release|Any CPU
		{1DF4758F-2619-4F4B-AAAD-C82D4555E75C}.Release|Any CPU.Deploy.0 = Release|Any CPU
		{1DF4758F-2619-4F4B-AAAD-C82D4555E75C}.Release|iPhone.ActiveCfg = Release|Any CPU
		{1DF4758F-2619-4F4B-AAAD-C82D4555E75C}.Release|iPhone.Build.0 = Release|Any CPU
		{1DF4758F-2619-4F4B-AAAD-C82D4555E75C}.Release|iPhone.Deploy.0 = Release|Any CPU
		{1DF4758F-2619-4F4B-AAAD-C82D4555E75C}.Release|iPhoneSimulator.ActiveCfg = Release|Any CPU
		{1DF4758F-2619-4F4B-AAAD-C82D4555E75C}.Release|iPhoneSimulator.Build.0 = Release|Any CPU
		{1DF4758F-2619-4F4B-AAAD-C82D4555E75C}.Release|iPhoneSimulator.Deploy.0 = Release|Any CPU
		{F59A7A2F-817C-4A0A-8E78-D500FF12C53D}.Debug|Any CPU.ActiveCfg = Debug|iPhoneSimulator
		{F59A7A2F-817C-4A0A-8E78-D500FF12C53D}.Debug|Any CPU.Build.0 = Debug|iPhoneSimulator
		{F59A7A2F-817C-4A0A-8E78-D500FF12C53D}.Debug|Any CPU.Deploy.0 = Debug|iPhoneSimulator
		{F59A7A2F-817C-4A0A-8E78-D500FF12C53D}.Debug|iPhone.ActiveCfg = Debug|iPhone
		{F59A7A2F-817C-4A0A-8E78-D500FF12C53D}.Debug|iPhone.Build.0 = Debug|iPhone
		{F59A7A2F-817C-4A0A-8E78-D500FF12C53D}.Debug|iPhone.Deploy.0 = Debug|iPhone
		{F59A7A2F-817C-4A0A-8E78-D500FF12C53D}.Debug|iPhoneSimulator.ActiveCfg = Debug|iPhoneSimulator
		{F59A7A2F-817C-4A0A-8E78-D500FF12C53D}.Debug|iPhoneSimulator.Build.0 = Debug|iPhoneSimulator
		{F59A7A2F-817C-4A0A-8E78-D500FF12C53D}.Debug|iPhoneSimulator.Deploy.0 = Debug|iPhoneSimulator
		{F59A7A2F-817C-4A0A-8E78-D500FF12C53D}.Release|Any CPU.ActiveCfg = Release|iPhone
		{F59A7A2F-817C-4A0A-8E78-D500FF12C53D}.Release|Any CPU.Build.0 = Release|iPhone
		{F59A7A2F-817C-4A0A-8E78-D500FF12C53D}.Release|Any CPU.Deploy.0 = Release|iPhone
		{F59A7A2F-817C-4A0A-8E78-D500FF12C53D}.Release|iPhone.ActiveCfg = Release|iPhone
		{F59A7A2F-817C-4A0A-8E78-D500FF12C53D}.Release|iPhone.Build.0 = Release|iPhone
		{F59A7A2F-817C-4A0A-8E78-D500FF12C53D}.Release|iPhone.Deploy.0 = Release|iPhone
		{F59A7A2F-817C-4A0A-8E78-D500FF12C53D}.Release|iPhoneSimulator.ActiveCfg = Release|iPhoneSimulator
		{F59A7A2F-817C-4A0A-8E78-D500FF12C53D}.Release|iPhoneSimulator.Build.0 = Release|iPhoneSimulator
		{F59A7A2F-817C-4A0A-8E78-D500FF12C53D}.Release|iPhoneSimulator.Deploy.0 = Release|iPhoneSimulator
		{73367E02-EC83-4980-A12E-6ACCE61F466F}.Debug|Any CPU.ActiveCfg = Debug|Any CPU
		{73367E02-EC83-4980-A12E-6ACCE61F466F}.Debug|Any CPU.Build.0 = Debug|Any CPU
		{73367E02-EC83-4980-A12E-6ACCE61F466F}.Debug|Any CPU.Deploy.0 = Debug|Any CPU
		{73367E02-EC83-4980-A12E-6ACCE61F466F}.Debug|iPhone.ActiveCfg = Debug|Any CPU
		{73367E02-EC83-4980-A12E-6ACCE61F466F}.Debug|iPhone.Build.0 = Debug|Any CPU
		{73367E02-EC83-4980-A12E-6ACCE61F466F}.Debug|iPhone.Deploy.0 = Debug|Any CPU
		{73367E02-EC83-4980-A12E-6ACCE61F466F}.Debug|iPhoneSimulator.ActiveCfg = Debug|Any CPU
		{73367E02-EC83-4980-A12E-6ACCE61F466F}.Debug|iPhoneSimulator.Build.0 = Debug|Any CPU
		{73367E02-EC83-4980-A12E-6ACCE61F466F}.Debug|iPhoneSimulator.Deploy.0 = Debug|Any CPU
		{73367E02-EC83-4980-A12E-6ACCE61F466F}.Release|Any CPU.ActiveCfg = Release|Any CPU
		{73367E02-EC83-4980-A12E-6ACCE61F466F}.Release|Any CPU.Build.0 = Release|Any CPU
		{73367E02-EC83-4980-A12E-6ACCE61F466F}.Release|Any CPU.Deploy.0 = Release|Any CPU
		{73367E02-EC83-4980-A12E-6ACCE61F466F}.Release|iPhone.ActiveCfg = Release|Any CPU
		{73367E02-EC83-4980-A12E-6ACCE61F466F}.Release|iPhone.Build.0 = Release|Any CPU
		{73367E02-EC83-4980-A12E-6ACCE61F466F}.Release|iPhone.Deploy.0 = Release|Any CPU
		{73367E02-EC83-4980-A12E-6ACCE61F466F}.Release|iPhoneSimulator.ActiveCfg = Release|Any CPU
		{73367E02-EC83-4980-A12E-6ACCE61F466F}.Release|iPhoneSimulator.Build.0 = Release|Any CPU
		{73367E02-EC83-4980-A12E-6ACCE61F466F}.Release|iPhoneSimulator.Deploy.0 = Release|Any CPU
	EndGlobalSection
	GlobalSection(SolutionProperties) = preSolution
		HideSolutionNode = FALSE
	EndGlobalSection
	GlobalSection(ExtensibilityGlobals) = postSolution
		SolutionGuid = {2C984FF6-3127-42CE-9128-DBBE0C5B288B}
	EndGlobalSection
EndGlobal
